
Microsoft Visual Studio Solution File, Format Version 12.00
Project("{FAE04EC0-301F-11D3-BF4B-00C04F79EFBC}") = "COMP003A.LectureActivity3-1", "COMP003A.LectureActivity3-1\COMP003A.LectureActivity3-1.csproj", "{FD14B009-FC89-4209-AA3C-3A224B15C10F}"
EndProject
Global
	GlobalSection(SolutionConfigurationPlatforms) = preSolution
		Debug|Any CPU = Debug|Any CPU
		Release|Any CPU = Release|Any CPU
	EndGlobalSection
	GlobalSection(ProjectConfigurationPlatforms) = postSolution
		{FD14B009-FC89-4209-AA3C-3A224B15C10F}.Debug|Any CPU.ActiveCfg = Debug|Any CPU
		{FD14B009-FC89-4209-AA3C-3A224B15C10F}.Debug|Any CPU.Build.0 = Debug|Any CPU
		{FD14B009-FC89-4209-AA3C-3A224B15C10F}.Release|Any CPU.ActiveCfg = Release|Any CPU
		{FD14B009-FC89-4209-AA3C-3A224B15C10F}.Release|Any CPU.Build.0 = Release|Any CPU
	EndGlobalSection
EndGlobal
